{
  "name": "app",
  "lockfileVersion": 2,
  "requires": true,
  "packages": {
    "": {
      "dependencies": {
        "@highlightjs/cdn-assets": "^11.5.1",
        "ansi_up": "^5.1.0"
      }
    },
    "node_modules/@highlightjs/cdn-assets": {
      "version": "11.5.1",
      "resolved": "https://registry.npmjs.org/@highlightjs/cdn-assets/-/cdn-assets-11.5.1.tgz",
      "integrity": "sha512-43k8M1OhN+CP4LCOcbqfk4L/k1D5ily9inCCB9fMuvj+MUnJzLSUDLCAHKyDu7aALyHCzmRtZTflsh6u8Qty0g==",
      "engines": {
        "node": ">=12.0.0"
      }
    },
    "node_modules/ansi_up": {
      "version": "5.1.0",
      "resolved": "https://registry.npmjs.org/ansi_up/-/ansi_up-5.1.0.tgz",
      "integrity": "sha512-3wwu+nJCKBVBwOCurm0uv91lMoVkhFB+3qZQz3U11AmAdDJ4tkw1sNPWJQcVxMVYwe0pGEALOjSBOxdxNc+pNQ==",
      "engines": {
        "node": "*"
      }
    }
  },
  "dependencies": {
    "@highlightjs/cdn-assets": {
      "version": "11.5.1",
      "resolved": "https://registry.npmjs.org/@highlightjs/cdn-assets/-/cdn-assets-11.5.1.tgz",
      "integrity": "sha512-43k8M1OhN+CP4LCOcbqfk4L/k1D5ily9inCCB9fMuvj+MUnJzLSUDLCAHKyDu7aALyHCzmRtZTflsh6u8Qty0g=="
    },
    "ansi_up": {
      "version": "5.1.0",
      "resolved": "https://registry.npmjs.org/ansi_up/-/ansi_up-5.1.0.tgz",
      "integrity": "sha512-3wwu+nJCKBVBwOCurm0uv91lMoVkhFB+3qZQz3U11AmAdDJ4tkw1sNPWJQcVxMVYwe0pGEALOjSBOxdxNc+pNQ=="
    }
  }
}
